// !$*UTF8*$!
{
	archiveVersion = 1;
	classes = {
	};
	objectVersion = 50;
	objects = {

/* Begin PBXBuildFile section */
		519863DD21C4F34400458D02 /* SharedConstants.swift in Sources */ = {isa = PBXBuildFile; fileRef = 519863DC21C4F34400458D02 /* SharedConstants.swift */; };
		519863DF21C4F3CE00458D02 /* FashionItemVO.swift in Sources */ = {isa = PBXBuildFile; fileRef = 519863DE21C4F3CE00458D02 /* FashionItemVO.swift */; };
		519863E121C509C500458D02 /* ItemCategory.swift in Sources */ = {isa = PBXBuildFile; fileRef = 519863E021C509C500458D02 /* ItemCategory.swift */; };
		519863E421C6307F00458D02 /* PopularItemCellDelegate.swift in Sources */ = {isa = PBXBuildFile; fileRef = 519863E321C6307F00458D02 /* PopularItemCellDelegate.swift */; };
		519863E821C63D1900458D02 /* PostItemViewController.swift in Sources */ = {isa = PBXBuildFile; fileRef = 519863E721C63D1900458D02 /* PostItemViewController.swift */; };
		64E02A25B7F391E90326399C /* Pods_PADC_IOS_FashionGallery.framework in Frameworks */ = {isa = PBXBuildFile; fileRef = B5B63D2425814DACEF71ED14 /* Pods_PADC_IOS_FashionGallery.framework */; };
		8C39B82021C4DA9500685230 /* NetworkManager.swift in Sources */ = {isa = PBXBuildFile; fileRef = 8C39B81F21C4DA9500685230 /* NetworkManager.swift */; };
		8C39B82621C4DB5100685230 /* DataModel.swift in Sources */ = {isa = PBXBuildFile; fileRef = 8C39B82521C4DB5100685230 /* DataModel.swift */; };
		8C39B82821C4DEFF00685230 /* ShopVO.swift in Sources */ = {isa = PBXBuildFile; fileRef = 8C39B82721C4DEFF00685230 /* ShopVO.swift */; };
		8C39B82E21C4E68100685230 /* GoogleService-Info.plist in Resources */ = {isa = PBXBuildFile; fileRef = 8C39B82D21C4E68100685230 /* GoogleService-Info.plist */; };
		8C39B83021C4EA4B00685230 /* BaseViewController.swift in Sources */ = {isa = PBXBuildFile; fileRef = 8C39B82F21C4EA4B00685230 /* BaseViewController.swift */; };
		8C39B83221C4EF2700685230 /* CustomButton.swift in Sources */ = {isa = PBXBuildFile; fileRef = 8C39B83121C4EF2700685230 /* CustomButton.swift */; };
		8C39B83421C4F99400685230 /* LoginViewController.swift in Sources */ = {isa = PBXBuildFile; fileRef = 8C39B83321C4F99400685230 /* LoginViewController.swift */; };
		8C39B83621C50A0800685230 /* Extensions.swift in Sources */ = {isa = PBXBuildFile; fileRef = 8C39B83521C50A0800685230 /* Extensions.swift */; };
		8C6EBED721BEB43100C1E90A /* ShopViewController.swift in Sources */ = {isa = PBXBuildFile; fileRef = 8C6EBED621BEB43100C1E90A /* ShopViewController.swift */; };
		8C6EBED921BEB9FB00C1E90A /* CosmosRating.swift in Sources */ = {isa = PBXBuildFile; fileRef = 8C6EBED821BEB9FB00C1E90A /* CosmosRating.swift */; };
		8C6EBEDB21BECBCA00C1E90A /* ItemViewController.swift in Sources */ = {isa = PBXBuildFile; fileRef = 8C6EBEDA21BECBCA00C1E90A /* ItemViewController.swift */; };
		8C6EBEDD21BECC1D00C1E90A /* ShopMoreViewController.swift in Sources */ = {isa = PBXBuildFile; fileRef = 8C6EBEDC21BECC1D00C1E90A /* ShopMoreViewController.swift */; };
		8CB0FD5B21BBB7FE00190C5A /* PopularCollectionViewCell.swift in Sources */ = {isa = PBXBuildFile; fileRef = 8CB0FD5921BBB7FE00190C5A /* PopularCollectionViewCell.swift */; };
		8CB0FD5C21BBB7FE00190C5A /* PopularCollectionViewCell.xib in Resources */ = {isa = PBXBuildFile; fileRef = 8CB0FD5A21BBB7FE00190C5A /* PopularCollectionViewCell.xib */; };
		8CB0FD5F21BBB84600190C5A /* PromotionCollectionViewCell.swift in Sources */ = {isa = PBXBuildFile; fileRef = 8CB0FD5D21BBB84600190C5A /* PromotionCollectionViewCell.swift */; };
		8CB0FD6021BBB84600190C5A /* PromotionCollectionViewCell.xib in Resources */ = {isa = PBXBuildFile; fileRef = 8CB0FD5E21BBB84600190C5A /* PromotionCollectionViewCell.xib */; };
		8CB0FD6321BBB86C00190C5A /* CategoriesCollectionViewCell.swift in Sources */ = {isa = PBXBuildFile; fileRef = 8CB0FD6121BBB86C00190C5A /* CategoriesCollectionViewCell.swift */; };
		8CB0FD6421BBB86C00190C5A /* CategoriesCollectionViewCell.xib in Resources */ = {isa = PBXBuildFile; fileRef = 8CB0FD6221BBB86C00190C5A /* CategoriesCollectionViewCell.xib */; };
		8CB0FD6721BBB91700190C5A /* JustForYouCollectionViewCell.swift in Sources */ = {isa = PBXBuildFile; fileRef = 8CB0FD6521BBB91700190C5A /* JustForYouCollectionViewCell.swift */; };
		8CB0FD6821BBB91700190C5A /* JustForYouCollectionViewCell.xib in Resources */ = {isa = PBXBuildFile; fileRef = 8CB0FD6621BBB91700190C5A /* JustForYouCollectionViewCell.xib */; };
		8CB0FD6B21BBD04F00190C5A /* FashionCollectionsViewCell.swift in Sources */ = {isa = PBXBuildFile; fileRef = 8CB0FD6921BBD04F00190C5A /* FashionCollectionsViewCell.swift */; };
		8CB0FD6C21BBD04F00190C5A /* FashionCollectionsViewCell.xib in Resources */ = {isa = PBXBuildFile; fileRef = 8CB0FD6A21BBD04F00190C5A /* FashionCollectionsViewCell.xib */; };
		8CB0FD7021BBD12200190C5A /* CardView.swift in Sources */ = {isa = PBXBuildFile; fileRef = 8CB0FD6F21BBD12200190C5A /* CardView.swift */; };
		8CB0FD7221BC2ECD00190C5A /* RatingController.swift in Sources */ = {isa = PBXBuildFile; fileRef = 8CB0FD7121BC2ECD00190C5A /* RatingController.swift */; };
		8CB39B0D21BB7ED80070EED3 /* CellRegisterUtil.swift in Sources */ = {isa = PBXBuildFile; fileRef = 8CB39B0C21BB7ED80070EED3 /* CellRegisterUtil.swift */; };
		8CB39B1021BB80800070EED3 /* AdsCollectionViewCell.swift in Sources */ = {isa = PBXBuildFile; fileRef = 8CB39B0E21BB80800070EED3 /* AdsCollectionViewCell.swift */; };
		8CB39B1121BB80800070EED3 /* AdsCollectionViewCell.xib in Resources */ = {isa = PBXBuildFile; fileRef = 8CB39B0F21BB80800070EED3 /* AdsCollectionViewCell.xib */; };
		8CC9045421BAD80F00479128 /* HomeViewController.swift in Sources */ = {isa = PBXBuildFile; fileRef = 8CC9045321BAD80F00479128 /* HomeViewController.swift */; };
		8CEDCD9021C63C920043446D /* CustomerVO.swift in Sources */ = {isa = PBXBuildFile; fileRef = 8CEDCD8F21C63C920043446D /* CustomerVO.swift */; };
		8CFF0F5021C3F42900EC5A8A /* ShopListsTableViewCell.swift in Sources */ = {isa = PBXBuildFile; fileRef = 8CFF0F4E21C3F42900EC5A8A /* ShopListsTableViewCell.swift */; };
		8CFF0F5121C3F42900EC5A8A /* ShopListsTableViewCell.xib in Resources */ = {isa = PBXBuildFile; fileRef = 8CFF0F4F21C3F42900EC5A8A /* ShopListsTableViewCell.xib */; };
		8CFF0F5421C40BA300EC5A8A /* PostsTableViewCell.swift in Sources */ = {isa = PBXBuildFile; fileRef = 8CFF0F5221C40BA300EC5A8A /* PostsTableViewCell.swift */; };
		8CFF0F5521C40BA300EC5A8A /* PostsTableViewCell.xib in Resources */ = {isa = PBXBuildFile; fileRef = 8CFF0F5321C40BA300EC5A8A /* PostsTableViewCell.xib */; };
		8CFF0F5721C4279E00EC5A8A /* DetailViewController.swift in Sources */ = {isa = PBXBuildFile; fileRef = 8CFF0F5621C4279E00EC5A8A /* DetailViewController.swift */; };
		99C090B221B3B048000F6CAE /* AppDelegate.swift in Sources */ = {isa = PBXBuildFile; fileRef = 99C090B121B3B048000F6CAE /* AppDelegate.swift */; };
		99C090B421B3B048000F6CAE /* ViewController.swift in Sources */ = {isa = PBXBuildFile; fileRef = 99C090B321B3B048000F6CAE /* ViewController.swift */; };
		99C090B721B3B048000F6CAE /* Main.storyboard in Resources */ = {isa = PBXBuildFile; fileRef = 99C090B521B3B048000F6CAE /* Main.storyboard */; };
		99C090B921B3B049000F6CAE /* Assets.xcassets in Resources */ = {isa = PBXBuildFile; fileRef = 99C090B821B3B049000F6CAE /* Assets.xcassets */; };
		99C090BC21B3B049000F6CAE /* LaunchScreen.storyboard in Resources */ = {isa = PBXBuildFile; fileRef = 99C090BA21B3B049000F6CAE /* LaunchScreen.storyboard */; };
/* End PBXBuildFile section */

/* Begin PBXFileReference section */
		0CEA0A7ADE0A42A80DCCC89A /* Pods-PADC-IOS-FashionGallery.debug.xcconfig */ = {isa = PBXFileReference; includeInIndex = 1; lastKnownFileType = text.xcconfig; name = "Pods-PADC-IOS-FashionGallery.debug.xcconfig"; path = "Target Support Files/Pods-PADC-IOS-FashionGallery/Pods-PADC-IOS-FashionGallery.debug.xcconfig"; sourceTree = "<group>"; };
		128564275D0D15AB0699CD65 /* Pods-PADC-IOS-FashionGallery.release.xcconfig */ = {isa = PBXFileReference; includeInIndex = 1; lastKnownFileType = text.xcconfig; name = "Pods-PADC-IOS-FashionGallery.release.xcconfig"; path = "Target Support Files/Pods-PADC-IOS-FashionGallery/Pods-PADC-IOS-FashionGallery.release.xcconfig"; sourceTree = "<group>"; };
		519863DC21C4F34400458D02 /* SharedConstants.swift */ = {isa = PBXFileReference; lastKnownFileType = sourcecode.swift; path = SharedConstants.swift; sourceTree = "<group>"; };
		519863DE21C4F3CE00458D02 /* FashionItemVO.swift */ = {isa = PBXFileReference; lastKnownFileType = sourcecode.swift; path = FashionItemVO.swift; sourceTree = "<group>"; };
		519863E021C509C500458D02 /* ItemCategory.swift */ = {isa = PBXFileReference; lastKnownFileType = sourcecode.swift; path = ItemCategory.swift; sourceTree = "<group>"; };
		519863E321C6307F00458D02 /* PopularItemCellDelegate.swift */ = {isa = PBXFileReference; lastKnownFileType = sourcecode.swift; path = PopularItemCellDelegate.swift; sourceTree = "<group>"; };
		519863E721C63D1900458D02 /* PostItemViewController.swift */ = {isa = PBXFileReference; lastKnownFileType = sourcecode.swift; path = PostItemViewController.swift; sourceTree = "<group>"; };
		8C39B81F21C4DA9500685230 /* NetworkManager.swift */ = {isa = PBXFileReference; lastKnownFileType = sourcecode.swift; path = NetworkManager.swift; sourceTree = "<group>"; };
		8C39B82521C4DB5100685230 /* DataModel.swift */ = {isa = PBXFileReference; lastKnownFileType = sourcecode.swift; path = DataModel.swift; sourceTree = "<group>"; };
		8C39B82721C4DEFF00685230 /* ShopVO.swift */ = {isa = PBXFileReference; lastKnownFileType = sourcecode.swift; path = ShopVO.swift; sourceTree = "<group>"; };
		8C39B82D21C4E68100685230 /* GoogleService-Info.plist */ = {isa = PBXFileReference; fileEncoding = 4; lastKnownFileType = text.plist.xml; path = "GoogleService-Info.plist"; sourceTree = "<group>"; };
		8C39B82F21C4EA4B00685230 /* BaseViewController.swift */ = {isa = PBXFileReference; lastKnownFileType = sourcecode.swift; path = BaseViewController.swift; sourceTree = "<group>"; };
		8C39B83121C4EF2700685230 /* CustomButton.swift */ = {isa = PBXFileReference; lastKnownFileType = sourcecode.swift; path = CustomButton.swift; sourceTree = "<group>"; };
		8C39B83321C4F99400685230 /* LoginViewController.swift */ = {isa = PBXFileReference; lastKnownFileType = sourcecode.swift; path = LoginViewController.swift; sourceTree = "<group>"; };
		8C39B83521C50A0800685230 /* Extensions.swift */ = {isa = PBXFileReference; lastKnownFileType = sourcecode.swift; path = Extensions.swift; sourceTree = "<group>"; };
		8C6EBED621BEB43100C1E90A /* ShopViewController.swift */ = {isa = PBXFileReference; lastKnownFileType = sourcecode.swift; path = ShopViewController.swift; sourceTree = "<group>"; };
		8C6EBED821BEB9FB00C1E90A /* CosmosRating.swift */ = {isa = PBXFileReference; lastKnownFileType = sourcecode.swift; path = CosmosRating.swift; sourceTree = "<group>"; };
		8C6EBEDA21BECBCA00C1E90A /* ItemViewController.swift */ = {isa = PBXFileReference; lastKnownFileType = sourcecode.swift; path = ItemViewController.swift; sourceTree = "<group>"; };
		8C6EBEDC21BECC1D00C1E90A /* ShopMoreViewController.swift */ = {isa = PBXFileReference; lastKnownFileType = sourcecode.swift; path = ShopMoreViewController.swift; sourceTree = "<group>"; };
		8CB0FD5921BBB7FE00190C5A /* PopularCollectionViewCell.swift */ = {isa = PBXFileReference; lastKnownFileType = sourcecode.swift; path = PopularCollectionViewCell.swift; sourceTree = "<group>"; };
		8CB0FD5A21BBB7FE00190C5A /* PopularCollectionViewCell.xib */ = {isa = PBXFileReference; lastKnownFileType = file.xib; path = PopularCollectionViewCell.xib; sourceTree = "<group>"; };
		8CB0FD5D21BBB84600190C5A /* PromotionCollectionViewCell.swift */ = {isa = PBXFileReference; lastKnownFileType = sourcecode.swift; path = PromotionCollectionViewCell.swift; sourceTree = "<group>"; };
		8CB0FD5E21BBB84600190C5A /* PromotionCollectionViewCell.xib */ = {isa = PBXFileReference; lastKnownFileType = file.xib; path = PromotionCollectionViewCell.xib; sourceTree = "<group>"; };
		8CB0FD6121BBB86C00190C5A /* CategoriesCollectionViewCell.swift */ = {isa = PBXFileReference; lastKnownFileType = sourcecode.swift; path = CategoriesCollectionViewCell.swift; sourceTree = "<group>"; };
		8CB0FD6221BBB86C00190C5A /* CategoriesCollectionViewCell.xib */ = {isa = PBXFileReference; lastKnownFileType = file.xib; path = CategoriesCollectionViewCell.xib; sourceTree = "<group>"; };
		8CB0FD6521BBB91700190C5A /* JustForYouCollectionViewCell.swift */ = {isa = PBXFileReference; lastKnownFileType = sourcecode.swift; path = JustForYouCollectionViewCell.swift; sourceTree = "<group>"; };
		8CB0FD6621BBB91700190C5A /* JustForYouCollectionViewCell.xib */ = {isa = PBXFileReference; lastKnownFileType = file.xib; path = JustForYouCollectionViewCell.xib; sourceTree = "<group>"; };
		8CB0FD6921BBD04F00190C5A /* FashionCollectionsViewCell.swift */ = {isa = PBXFileReference; lastKnownFileType = sourcecode.swift; path = FashionCollectionsViewCell.swift; sourceTree = "<group>"; };
		8CB0FD6A21BBD04F00190C5A /* FashionCollectionsViewCell.xib */ = {isa = PBXFileReference; lastKnownFileType = file.xib; path = FashionCollectionsViewCell.xib; sourceTree = "<group>"; };
		8CB0FD6F21BBD12200190C5A /* CardView.swift */ = {isa = PBXFileReference; lastKnownFileType = sourcecode.swift; path = CardView.swift; sourceTree = "<group>"; };
		8CB0FD7121BC2ECD00190C5A /* RatingController.swift */ = {isa = PBXFileReference; lastKnownFileType = sourcecode.swift; path = RatingController.swift; sourceTree = "<group>"; };
		8CB39B0C21BB7ED80070EED3 /* CellRegisterUtil.swift */ = {isa = PBXFileReference; lastKnownFileType = sourcecode.swift; path = CellRegisterUtil.swift; sourceTree = "<group>"; };
		8CB39B0E21BB80800070EED3 /* AdsCollectionViewCell.swift */ = {isa = PBXFileReference; lastKnownFileType = sourcecode.swift; path = AdsCollectionViewCell.swift; sourceTree = "<group>"; };
		8CB39B0F21BB80800070EED3 /* AdsCollectionViewCell.xib */ = {isa = PBXFileReference; lastKnownFileType = file.xib; path = AdsCollectionViewCell.xib; sourceTree = "<group>"; };
		8CC9045321BAD80F00479128 /* HomeViewController.swift */ = {isa = PBXFileReference; lastKnownFileType = sourcecode.swift; path = HomeViewController.swift; sourceTree = "<group>"; };
		8CEDCD8F21C63C920043446D /* CustomerVO.swift */ = {isa = PBXFileReference; lastKnownFileType = sourcecode.swift; path = CustomerVO.swift; sourceTree = "<group>"; };
		8CFF0F4E21C3F42900EC5A8A /* ShopListsTableViewCell.swift */ = {isa = PBXFileReference; lastKnownFileType = sourcecode.swift; path = ShopListsTableViewCell.swift; sourceTree = "<group>"; };
		8CFF0F4F21C3F42900EC5A8A /* ShopListsTableViewCell.xib */ = {isa = PBXFileReference; lastKnownFileType = file.xib; path = ShopListsTableViewCell.xib; sourceTree = "<group>"; };
		8CFF0F5221C40BA300EC5A8A /* PostsTableViewCell.swift */ = {isa = PBXFileReference; lastKnownFileType = sourcecode.swift; path = PostsTableViewCell.swift; sourceTree = "<group>"; };
		8CFF0F5321C40BA300EC5A8A /* PostsTableViewCell.xib */ = {isa = PBXFileReference; lastKnownFileType = file.xib; path = PostsTableViewCell.xib; sourceTree = "<group>"; };
		8CFF0F5621C4279E00EC5A8A /* DetailViewController.swift */ = {isa = PBXFileReference; lastKnownFileType = sourcecode.swift; path = DetailViewController.swift; sourceTree = "<group>"; };
		99C090AE21B3B048000F6CAE /* PADC-IOS-FashionGallery.app */ = {isa = PBXFileReference; explicitFileType = wrapper.application; includeInIndex = 0; path = "PADC-IOS-FashionGallery.app"; sourceTree = BUILT_PRODUCTS_DIR; };
		99C090B121B3B048000F6CAE /* AppDelegate.swift */ = {isa = PBXFileReference; lastKnownFileType = sourcecode.swift; path = AppDelegate.swift; sourceTree = "<group>"; };
		99C090B321B3B048000F6CAE /* ViewController.swift */ = {isa = PBXFileReference; lastKnownFileType = sourcecode.swift; path = ViewController.swift; sourceTree = "<group>"; };
		99C090B621B3B048000F6CAE /* Base */ = {isa = PBXFileReference; lastKnownFileType = file.storyboard; name = Base; path = Base.lproj/Main.storyboard; sourceTree = "<group>"; };
		99C090B821B3B049000F6CAE /* Assets.xcassets */ = {isa = PBXFileReference; lastKnownFileType = folder.assetcatalog; path = Assets.xcassets; sourceTree = "<group>"; };
		99C090BB21B3B049000F6CAE /* Base */ = {isa = PBXFileReference; lastKnownFileType = file.storyboard; name = Base; path = Base.lproj/LaunchScreen.storyboard; sourceTree = "<group>"; };
		99C090BD21B3B049000F6CAE /* Info.plist */ = {isa = PBXFileReference; lastKnownFileType = text.plist.xml; path = Info.plist; sourceTree = "<group>"; };
		B5B63D2425814DACEF71ED14 /* Pods_PADC_IOS_FashionGallery.framework */ = {isa = PBXFileReference; explicitFileType = wrapper.framework; includeInIndex = 0; path = Pods_PADC_IOS_FashionGallery.framework; sourceTree = BUILT_PRODUCTS_DIR; };
/* End PBXFileReference section */

/* Begin PBXFrameworksBuildPhase section */
		99C090AB21B3B048000F6CAE /* Frameworks */ = {
			isa = PBXFrameworksBuildPhase;
			buildActionMask = 2147483647;
			files = (
				64E02A25B7F391E90326399C /* Pods_PADC_IOS_FashionGallery.framework in Frameworks */,
			);
			runOnlyForDeploymentPostprocessing = 0;
		};
/* End PBXFrameworksBuildPhase section */

/* Begin PBXGroup section */
		519863E221C6305C00458D02 /* delegate */ = {
			isa = PBXGroup;
			children = (
				519863E321C6307F00458D02 /* PopularItemCellDelegate.swift */,
			);
			path = delegate;
			sourceTree = "<group>";
		};
		72C34130D97CCE96A0A76529 /* Frameworks */ = {
			isa = PBXGroup;
			children = (
				B5B63D2425814DACEF71ED14 /* Pods_PADC_IOS_FashionGallery.framework */,
			);
			name = Frameworks;
			sourceTree = "<group>";
		};
		770A1BA620DA75D2F786E977 /* Pods */ = {
			isa = PBXGroup;
			children = (
				0CEA0A7ADE0A42A80DCCC89A /* Pods-PADC-IOS-FashionGallery.debug.xcconfig */,
				128564275D0D15AB0699CD65 /* Pods-PADC-IOS-FashionGallery.release.xcconfig */,
			);
			path = Pods;
			sourceTree = "<group>";
		};
		8C39B81E21C4DA6100685230 /* vos */ = {
			isa = PBXGroup;
			children = (
				8C39B82721C4DEFF00685230 /* ShopVO.swift */,
				519863DE21C4F3CE00458D02 /* FashionItemVO.swift */,
				519863E021C509C500458D02 /* ItemCategory.swift */,
				8CEDCD8F21C63C920043446D /* CustomerVO.swift */,
			);
			path = vos;
			sourceTree = "<group>";
		};
		8C39B82421C4DB4100685230 /* data */ = {
			isa = PBXGroup;
			children = (
				8C39B82521C4DB5100685230 /* DataModel.swift */,
				519863DC21C4F34400458D02 /* SharedConstants.swift */,
			);
			path = data;
			sourceTree = "<group>";
		};
		8CB0FD5821BBB79700190C5A /* cell */ = {
			isa = PBXGroup;
			children = (
				8CB39B0E21BB80800070EED3 /* AdsCollectionViewCell.swift */,
				8CB39B0F21BB80800070EED3 /* AdsCollectionViewCell.xib */,
				8CB0FD5921BBB7FE00190C5A /* PopularCollectionViewCell.swift */,
				8CB0FD5A21BBB7FE00190C5A /* PopularCollectionViewCell.xib */,
				8CB0FD5D21BBB84600190C5A /* PromotionCollectionViewCell.swift */,
				8CB0FD5E21BBB84600190C5A /* PromotionCollectionViewCell.xib */,
				8CB0FD6121BBB86C00190C5A /* CategoriesCollectionViewCell.swift */,
				8CB0FD6221BBB86C00190C5A /* CategoriesCollectionViewCell.xib */,
				8CB0FD6521BBB91700190C5A /* JustForYouCollectionViewCell.swift */,
				8CB0FD6621BBB91700190C5A /* JustForYouCollectionViewCell.xib */,
				8CB0FD6921BBD04F00190C5A /* FashionCollectionsViewCell.swift */,
				8CB0FD6A21BBD04F00190C5A /* FashionCollectionsViewCell.xib */,
				8CFF0F4E21C3F42900EC5A8A /* ShopListsTableViewCell.swift */,
				8CFF0F4F21C3F42900EC5A8A /* ShopListsTableViewCell.xib */,
				8CFF0F5221C40BA300EC5A8A /* PostsTableViewCell.swift */,
				8CFF0F5321C40BA300EC5A8A /* PostsTableViewCell.xib */,
			);
			path = cell;
			sourceTree = "<group>";
		};
		8CB0FD6D21BBD09500190C5A /* viewcontroller */ = {
			isa = PBXGroup;
			children = (
				99C090B321B3B048000F6CAE /* ViewController.swift */,
				8CC9045321BAD80F00479128 /* HomeViewController.swift */,
				8C6EBED621BEB43100C1E90A /* ShopViewController.swift */,
				8C6EBEDA21BECBCA00C1E90A /* ItemViewController.swift */,
				8C6EBEDC21BECC1D00C1E90A /* ShopMoreViewController.swift */,
				8CFF0F5621C4279E00EC5A8A /* DetailViewController.swift */,
				8C39B82F21C4EA4B00685230 /* BaseViewController.swift */,
				8C39B83321C4F99400685230 /* LoginViewController.swift */,
				519863E721C63D1900458D02 /* PostItemViewController.swift */,
			);
			path = viewcontroller;
			sourceTree = "<group>";
		};
		8CB0FD6E21BBD0F900190C5A /* component */ = {
			isa = PBXGroup;
			children = (
				8CB0FD6F21BBD12200190C5A /* CardView.swift */,
				8CB0FD7121BC2ECD00190C5A /* RatingController.swift */,
				8C6EBED821BEB9FB00C1E90A /* CosmosRating.swift */,
				8C39B83121C4EF2700685230 /* CustomButton.swift */,
				8C39B83521C50A0800685230 /* Extensions.swift */,
			);
			path = component;
			sourceTree = "<group>";
		};
		99C090A521B3B048000F6CAE = {
			isa = PBXGroup;
			children = (
				99C090B021B3B048000F6CAE /* PADC-IOS-FashionGallery */,
				99C090AF21B3B048000F6CAE /* Products */,
				770A1BA620DA75D2F786E977 /* Pods */,
				72C34130D97CCE96A0A76529 /* Frameworks */,
			);
			sourceTree = "<group>";
		};
		99C090AF21B3B048000F6CAE /* Products */ = {
			isa = PBXGroup;
			children = (
				99C090AE21B3B048000F6CAE /* PADC-IOS-FashionGallery.app */,
			);
			name = Products;
			sourceTree = "<group>";
		};
		99C090B021B3B048000F6CAE /* PADC-IOS-FashionGallery */ = {
			isa = PBXGroup;
			children = (
				519863E221C6305C00458D02 /* delegate */,
				8C39B82421C4DB4100685230 /* data */,
				8C39B81E21C4DA6100685230 /* vos */,
				8CB0FD6E21BBD0F900190C5A /* component */,
				8CB0FD6D21BBD09500190C5A /* viewcontroller */,
				8CB0FD5821BBB79700190C5A /* cell */,
				99C090B121B3B048000F6CAE /* AppDelegate.swift */,
				99C090B521B3B048000F6CAE /* Main.storyboard */,
				99C090B821B3B049000F6CAE /* Assets.xcassets */,
				99C090BA21B3B049000F6CAE /* LaunchScreen.storyboard */,
				8C39B82D21C4E68100685230 /* GoogleService-Info.plist */,
				99C090BD21B3B049000F6CAE /* Info.plist */,
				8CB39B0C21BB7ED80070EED3 /* CellRegisterUtil.swift */,
				8C39B81F21C4DA9500685230 /* NetworkManager.swift */,
			);
			path = "PADC-IOS-FashionGallery";
			sourceTree = "<group>";
		};
/* End PBXGroup section */

/* Begin PBXNativeTarget section */
		99C090AD21B3B048000F6CAE /* PADC-IOS-FashionGallery */ = {
			isa = PBXNativeTarget;
			buildConfigurationList = 99C090C021B3B049000F6CAE /* Build configuration list for PBXNativeTarget "PADC-IOS-FashionGallery" */;
			buildPhases = (
				8339C0D78B59F7E69F549CD3 /* [CP] Check Pods Manifest.lock */,
				99C090AA21B3B048000F6CAE /* Sources */,
				99C090AB21B3B048000F6CAE /* Frameworks */,
				99C090AC21B3B048000F6CAE /* Resources */,
				4509886DB27CBFC6E9CA9F3F /* [CP] Embed Pods Frameworks */,
				7AA0BC77BB60717A34E5F148 /* [CP] Copy Pods Resources */,
			);
			buildRules = (
			);
			dependencies = (
			);
			name = "PADC-IOS-FashionGallery";
			productName = "PADC-IOS-FashionGallery";
			productReference = 99C090AE21B3B048000F6CAE /* PADC-IOS-FashionGallery.app */;
			productType = "com.apple.product-type.application";
		};
/* End PBXNativeTarget section */

/* Begin PBXProject section */
		99C090A621B3B048000F6CAE /* Project object */ = {
			isa = PBXProject;
			attributes = {
				LastSwiftUpdateCheck = 1000;
				LastUpgradeCheck = 1000;
				ORGANIZATIONNAME = padcmyanmar;
				TargetAttributes = {
					99C090AD21B3B048000F6CAE = {
						CreatedOnToolsVersion = 10.0;
					};
				};
			};
			buildConfigurationList = 99C090A921B3B048000F6CAE /* Build configuration list for PBXProject "PADC-IOS-FashionGallery" */;
			compatibilityVersion = "Xcode 9.3";
			developmentRegion = en;
			hasScannedForEncodings = 0;
			knownRegions = (
				en,
				Base,
			);
			mainGroup = 99C090A521B3B048000F6CAE;
			productRefGroup = 99C090AF21B3B048000F6CAE /* Products */;
			projectDirPath = "";
			projectRoot = "";
			targets = (
				99C090AD21B3B048000F6CAE /* PADC-IOS-FashionGallery */,
			);
		};
/* End PBXProject section */

/* Begin PBXResourcesBuildPhase section */
		99C090AC21B3B048000F6CAE /* Resources */ = {
			isa = PBXResourcesBuildPhase;
			buildActionMask = 2147483647;
			files = (
				8CFF0F5521C40BA300EC5A8A /* PostsTableViewCell.xib in Resources */,
				99C090BC21B3B049000F6CAE /* LaunchScreen.storyboard in Resources */,
				8CB0FD6C21BBD04F00190C5A /* FashionCollectionsViewCell.xib in Resources */,
				8CB39B1121BB80800070EED3 /* AdsCollectionViewCell.xib in Resources */,
				99C090B921B3B049000F6CAE /* Assets.xcassets in Resources */,
				8C39B82E21C4E68100685230 /* GoogleService-Info.plist in Resources */,
				99C090B721B3B048000F6CAE /* Main.storyboard in Resources */,
				8CB0FD6821BBB91700190C5A /* JustForYouCollectionViewCell.xib in Resources */,
				8CB0FD6421BBB86C00190C5A /* CategoriesCollectionViewCell.xib in Resources */,
				8CB0FD6021BBB84600190C5A /* PromotionCollectionViewCell.xib in Resources */,
				8CB0FD5C21BBB7FE00190C5A /* PopularCollectionViewCell.xib in Resources */,
				8CFF0F5121C3F42900EC5A8A /* ShopListsTableViewCell.xib in Resources */,
			);
			runOnlyForDeploymentPostprocessing = 0;
		};
/* End PBXResourcesBuildPhase section */

/* Begin PBXShellScriptBuildPhase section */
		4509886DB27CBFC6E9CA9F3F /* [CP] Embed Pods Frameworks */ = {
			isa = PBXShellScriptBuildPhase;
			buildActionMask = 2147483647;
			files = (
			);
			inputFileListPaths = (
			);
			inputPaths = (
				"${PODS_ROOT}/Target Support Files/Pods-PADC-IOS-FashionGallery/Pods-PADC-IOS-FashionGallery-frameworks.sh",
				"${BUILT_PRODUCTS_DIR}/Alamofire/Alamofire.framework",
				"${BUILT_PRODUCTS_DIR}/Bolts/Bolts.framework",
				"${BUILT_PRODUCTS_DIR}/CarbonKit/CarbonKit.framework",
				"${BUILT_PRODUCTS_DIR}/Cosmos/Cosmos.framework",
				"${BUILT_PRODUCTS_DIR}/FBSDKCoreKit/FBSDKCoreKit.framework",
				"${BUILT_PRODUCTS_DIR}/FBSDKLoginKit/FBSDKLoginKit.framework",
				"${BUILT_PRODUCTS_DIR}/GTMOAuth2/GTMOAuth2.framework",
				"${BUILT_PRODUCTS_DIR}/GTMSessionFetcher/GTMSessionFetcher.framework",
				"${BUILT_PRODUCTS_DIR}/GoogleToolboxForMac/GoogleToolboxForMac.framework",
				"${BUILT_PRODUCTS_DIR}/GoogleUtilities/GoogleUtilities.framework",
				"${BUILT_PRODUCTS_DIR}/ImageSlideshow/ImageSlideshow.framework",
				"${BUILT_PRODUCTS_DIR}/Protobuf/Protobuf.framework",
				"${BUILT_PRODUCTS_DIR}/SDWebImage/SDWebImage.framework",
				"${BUILT_PRODUCTS_DIR}/SwiftyJSON/SwiftyJSON.framework",
				"${BUILT_PRODUCTS_DIR}/leveldb-library/leveldb.framework",
				"${BUILT_PRODUCTS_DIR}/libwebp/libwebp.framework",
				"${BUILT_PRODUCTS_DIR}/nanopb/nanopb.framework",
			);
			name = "[CP] Embed Pods Frameworks";
			outputFileListPaths = (
			);
			outputPaths = (
				"${TARGET_BUILD_DIR}/${FRAMEWORKS_FOLDER_PATH}/Alamofire.framework",
				"${TARGET_BUILD_DIR}/${FRAMEWORKS_FOLDER_PATH}/Bolts.framework",
				"${TARGET_BUILD_DIR}/${FRAMEWORKS_FOLDER_PATH}/CarbonKit.framework",
				"${TARGET_BUILD_DIR}/${FRAMEWORKS_FOLDER_PATH}/Cosmos.framework",
				"${TARGET_BUILD_DIR}/${FRAMEWORKS_FOLDER_PATH}/FBSDKCoreKit.framework",
				"${TARGET_BUILD_DIR}/${FRAMEWORKS_FOLDER_PATH}/FBSDKLoginKit.framework",
				"${TARGET_BUILD_DIR}/${FRAMEWORKS_FOLDER_PATH}/GTMOAuth2.framework",
				"${TARGET_BUILD_DIR}/${FRAMEWORKS_FOLDER_PATH}/GTMSessionFetcher.framework",
				"${TARGET_BUILD_DIR}/${FRAMEWORKS_FOLDER_PATH}/GoogleToolboxForMac.framework",
				"${TARGET_BUILD_DIR}/${FRAMEWORKS_FOLDER_PATH}/GoogleUtilities.framework",
				"${TARGET_BUILD_DIR}/${FRAMEWORKS_FOLDER_PATH}/ImageSlideshow.framework",
				"${TARGET_BUILD_DIR}/${FRAMEWORKS_FOLDER_PATH}/Protobuf.framework",
				"${TARGET_BUILD_DIR}/${FRAMEWORKS_FOLDER_PATH}/SDWebImage.framework",
				"${TARGET_BUILD_DIR}/${FRAMEWORKS_FOLDER_PATH}/SwiftyJSON.framework",
				"${TARGET_BUILD_DIR}/${FRAMEWORKS_FOLDER_PATH}/leveldb.framework",
				"${TARGET_BUILD_DIR}/${FRAMEWORKS_FOLDER_PATH}/libwebp.framework",
				"${TARGET_BUILD_DIR}/${FRAMEWORKS_FOLDER_PATH}/nanopb.framework",
			);
			runOnlyForDeploymentPostprocessing = 0;
			shellPath = /bin/sh;
			shellScript = "\"${PODS_ROOT}/Target Support Files/Pods-PADC-IOS-FashionGallery/Pods-PADC-IOS-FashionGallery-frameworks.sh\"\n";
			showEnvVarsInLog = 0;
		};
		7AA0BC77BB60717A34E5F148 /* [CP] Copy Pods Resources */ = {
			isa = PBXShellScriptBuildPhase;
			buildActionMask = 2147483647;
			files = (
			);
			inputFileListPaths = (
			);
			inputPaths = (
				"${PODS_ROOT}/Target Support Files/Pods-PADC-IOS-FashionGallery/Pods-PADC-IOS-FashionGallery-resources.sh",
				"${PODS_ROOT}/GoogleSignIn/Resources/GoogleSignIn.bundle",
			);
			name = "[CP] Copy Pods Resources";
			outputFileListPaths = (
			);
			outputPaths = (
				"${TARGET_BUILD_DIR}/${UNLOCALIZED_RESOURCES_FOLDER_PATH}/GoogleSignIn.bundle",
			);
			runOnlyForDeploymentPostprocessing = 0;
			shellPath = /bin/sh;
			shellScript = "\"${PODS_ROOT}/Target Support Files/Pods-PADC-IOS-FashionGallery/Pods-PADC-IOS-FashionGallery-resources.sh\"\n";
			showEnvVarsInLog = 0;
		};
		8339C0D78B59F7E69F549CD3 /* [CP] Check Pods Manifest.lock */ = {
			isa = PBXShellScriptBuildPhase;
			buildActionMask = 2147483647;
			files = (
			);
			inputFileListPaths = (
			);
			inputPaths = (
				"${PODS_PODFILE_DIR_PATH}/Podfile.lock",
				"${PODS_ROOT}/Manifest.lock",
			);
			name = "[CP] Check Pods Manifest.lock";
			outputFileListPaths = (
			);
			outputPaths = (
				"$(DERIVED_FILE_DIR)/Pods-PADC-IOS-FashionGallery-checkManifestLockResult.txt",
			);
			runOnlyForDeploymentPostprocessing = 0;
			shellPath = /bin/sh;
			shellScript = "diff \"${PODS_PODFILE_DIR_PATH}/Podfile.lock\" \"${PODS_ROOT}/Manifest.lock\" > /dev/null\nif [ $? != 0 ] ; then\n    # print error to STDERR\n    echo \"error: The sandbox is not in sync with the Podfile.lock. Run 'pod install' or update your CocoaPods installation.\" >&2\n    exit 1\nfi\n# This output is used by Xcode 'outputs' to avoid re-running this script phase.\necho \"SUCCESS\" > \"${SCRIPT_OUTPUT_FILE_0}\"\n";
			showEnvVarsInLog = 0;
		};
/* End PBXShellScriptBuildPhase section */

/* Begin PBXSourcesBuildPhase section */
		99C090AA21B3B048000F6CAE /* Sources */ = {
			isa = PBXSourcesBuildPhase;
			buildActionMask = 2147483647;
			files = (
				8CB0FD5B21BBB7FE00190C5A /* PopularCollectionViewCell.swift in Sources */,
				8CB39B0D21BB7ED80070EED3 /* CellRegisterUtil.swift in Sources */,
				519863DF21C4F3CE00458D02 /* FashionItemVO.swift in Sources */,
				8C6EBEDB21BECBCA00C1E90A /* ItemViewController.swift in Sources */,
				8C39B83021C4EA4B00685230 /* BaseViewController.swift in Sources */,
				8C6EBEDD21BECC1D00C1E90A /* ShopMoreViewController.swift in Sources */,
				8CB0FD7221BC2ECD00190C5A /* RatingController.swift in Sources */,
				8CB0FD6321BBB86C00190C5A /* CategoriesCollectionViewCell.swift in Sources */,
				519863E121C509C500458D02 /* ItemCategory.swift in Sources */,
				8C6EBED721BEB43100C1E90A /* ShopViewController.swift in Sources */,
				8CB0FD5F21BBB84600190C5A /* PromotionCollectionViewCell.swift in Sources */,
				8CFF0F5021C3F42900EC5A8A /* ShopListsTableViewCell.swift in Sources */,
				8CB0FD6721BBB91700190C5A /* JustForYouCollectionViewCell.swift in Sources */,
				519863E421C6307F00458D02 /* PopularItemCellDelegate.swift in Sources */,
				519863DD21C4F34400458D02 /* SharedConstants.swift in Sources */,
				8CFF0F5721C4279E00EC5A8A /* DetailViewController.swift in Sources */,
				99C090B421B3B048000F6CAE /* ViewController.swift in Sources */,
				8C39B83421C4F99400685230 /* LoginViewController.swift in Sources */,
				8C39B82621C4DB5100685230 /* DataModel.swift in Sources */,
				519863E821C63D1900458D02 /* PostItemViewController.swift in Sources */,
				8C39B82821C4DEFF00685230 /* ShopVO.swift in Sources */,
				8C39B82021C4DA9500685230 /* NetworkManager.swift in Sources */,
				8CB0FD6B21BBD04F00190C5A /* FashionCollectionsViewCell.swift in Sources */,
				8CB39B1021BB80800070EED3 /* AdsCollectionViewCell.swift in Sources */,
				99C090B221B3B048000F6CAE /* AppDelegate.swift in Sources */,
				8CB0FD7021BBD12200190C5A /* CardView.swift in Sources */,
				8C39B83621C50A0800685230 /* Extensions.swift in Sources */,
				8C39B83221C4EF2700685230 /* CustomButton.swift in Sources */,
				8CFF0F5421C40BA300EC5A8A /* PostsTableViewCell.swift in Sources */,
				8C6EBED921BEB9FB00C1E90A /* CosmosRating.swift in Sources */,
				8CEDCD9021C63C920043446D /* CustomerVO.swift in Sources */,
				8CC9045421BAD80F00479128 /* HomeViewController.swift in Sources */,
			);
			runOnlyForDeploymentPostprocessing = 0;
		};
/* End PBXSourcesBuildPhase section */

/* Begin PBXVariantGroup section */
		99C090B521B3B048000F6CAE /* Main.storyboard */ = {
			isa = PBXVariantGroup;
			children = (
				99C090B621B3B048000F6CAE /* Base */,
			);
			name = Main.storyboard;
			sourceTree = "<group>";
		};
		99C090BA21B3B049000F6CAE /* LaunchScreen.storyboard */ = {
			isa = PBXVariantGroup;
			children = (
				99C090BB21B3B049000F6CAE /* Base */,
			);
			name = LaunchScreen.storyboard;
			sourceTree = "<group>";
		};
/* End PBXVariantGroup section */

/* Begin XCBuildConfiguration section */
		99C090BE21B3B049000F6CAE /* Debug */ = {
			isa = XCBuildConfiguration;
			buildSettings = {
				ALWAYS_SEARCH_USER_PATHS = NO;
				CLANG_ANALYZER_NONNULL = YES;
				CLANG_ANALYZER_NUMBER_OBJECT_CONVERSION = YES_AGGRESSIVE;
				CLANG_CXX_LANGUAGE_STANDARD = "gnu++14";
				CLANG_CXX_LIBRARY = "libc++";
				CLANG_ENABLE_MODULES = YES;
				CLANG_ENABLE_OBJC_ARC = YES;
				CLANG_ENABLE_OBJC_WEAK = YES;
				CLANG_WARN_BLOCK_CAPTURE_AUTORELEASING = YES;
				CLANG_WARN_BOOL_CONVERSION = YES;
				CLANG_WARN_COMMA = YES;
				CLANG_WARN_CONSTANT_CONVERSION = YES;
				CLANG_WARN_DEPRECATED_OBJC_IMPLEMENTATIONS = YES;
				CLANG_WARN_DIRECT_OBJC_ISA_USAGE = YES_ERROR;
				CLANG_WARN_DOCUMENTATION_COMMENTS = YES;
				CLANG_WARN_EMPTY_BODY = YES;
				CLANG_WARN_ENUM_CONVERSION = YES;
				CLANG_WARN_INFINITE_RECURSION = YES;
				CLANG_WARN_INT_CONVERSION = YES;
				CLANG_WARN_NON_LITERAL_NULL_CONVERSION = YES;
				CLANG_WARN_OBJC_IMPLICIT_RETAIN_SELF = YES;
				CLANG_WARN_OBJC_LITERAL_CONVERSION = YES;
				CLANG_WARN_OBJC_ROOT_CLASS = YES_ERROR;
				CLANG_WARN_RANGE_LOOP_ANALYSIS = YES;
				CLANG_WARN_STRICT_PROTOTYPES = YES;
				CLANG_WARN_SUSPICIOUS_MOVE = YES;
				CLANG_WARN_UNGUARDED_AVAILABILITY = YES_AGGRESSIVE;
				CLANG_WARN_UNREACHABLE_CODE = YES;
				CLANG_WARN__DUPLICATE_METHOD_MATCH = YES;
				CODE_SIGN_IDENTITY = "iPhone Developer";
				COPY_PHASE_STRIP = NO;
				DEBUG_INFORMATION_FORMAT = dwarf;
				ENABLE_STRICT_OBJC_MSGSEND = YES;
				ENABLE_TESTABILITY = YES;
				GCC_C_LANGUAGE_STANDARD = gnu11;
				GCC_DYNAMIC_NO_PIC = NO;
				GCC_NO_COMMON_BLOCKS = YES;
				GCC_OPTIMIZATION_LEVEL = 0;
				GCC_PREPROCESSOR_DEFINITIONS = (
					"DEBUG=1",
					"$(inherited)",
				);
				GCC_WARN_64_TO_32_BIT_CONVERSION = YES;
				GCC_WARN_ABOUT_RETURN_TYPE = YES_ERROR;
				GCC_WARN_UNDECLARED_SELECTOR = YES;
				GCC_WARN_UNINITIALIZED_AUTOS = YES_AGGRESSIVE;
				GCC_WARN_UNUSED_FUNCTION = YES;
				GCC_WARN_UNUSED_VARIABLE = YES;
				IPHONEOS_DEPLOYMENT_TARGET = 12.0;
				MTL_ENABLE_DEBUG_INFO = INCLUDE_SOURCE;
				MTL_FAST_MATH = YES;
				ONLY_ACTIVE_ARCH = YES;
				SDKROOT = iphoneos;
				SWIFT_ACTIVE_COMPILATION_CONDITIONS = DEBUG;
				SWIFT_OPTIMIZATION_LEVEL = "-Onone";
			};
			name = Debug;
		};
		99C090BF21B3B049000F6CAE /* Release */ = {
			isa = XCBuildConfiguration;
			buildSettings = {
				ALWAYS_SEARCH_USER_PATHS = NO;
				CLANG_ANALYZER_NONNULL = YES;
				CLANG_ANALYZER_NUMBER_OBJECT_CONVERSION = YES_AGGRESSIVE;
				CLANG_CXX_LANGUAGE_STANDARD = "gnu++14";
				CLANG_CXX_LIBRARY = "libc++";
				CLANG_ENABLE_MODULES = YES;
				CLANG_ENABLE_OBJC_ARC = YES;
				CLANG_ENABLE_OBJC_WEAK = YES;
				CLANG_WARN_BLOCK_CAPTURE_AUTORELEASING = YES;
				CLANG_WARN_BOOL_CONVERSION = YES;
				CLANG_WARN_COMMA = YES;
				CLANG_WARN_CONSTANT_CONVERSION = YES;
				CLANG_WARN_DEPRECATED_OBJC_IMPLEMENTATIONS = YES;
				CLANG_WARN_DIRECT_OBJC_ISA_USAGE = YES_ERROR;
				CLANG_WARN_DOCUMENTATION_COMMENTS = YES;
				CLANG_WARN_EMPTY_BODY = YES;
				CLANG_WARN_ENUM_CONVERSION = YES;
				CLANG_WARN_INFINITE_RECURSION = YES;
				CLANG_WARN_INT_CONVERSION = YES;
				CLANG_WARN_NON_LITERAL_NULL_CONVERSION = YES;
				CLANG_WARN_OBJC_IMPLICIT_RETAIN_SELF = YES;
				CLANG_WARN_OBJC_LITERAL_CONVERSION = YES;
				CLANG_WARN_OBJC_ROOT_CLASS = YES_ERROR;
				CLANG_WARN_RANGE_LOOP_ANALYSIS = YES;
				CLANG_WARN_STRICT_PROTOTYPES = YES;
				CLANG_WARN_SUSPICIOUS_MOVE = YES;
				CLANG_WARN_UNGUARDED_AVAILABILITY = YES_AGGRESSIVE;
				CLANG_WARN_UNREACHABLE_CODE = YES;
				CLANG_WARN__DUPLICATE_METHOD_MATCH = YES;
				CODE_SIGN_IDENTITY = "iPhone Developer";
				COPY_PHASE_STRIP = NO;
				DEBUG_INFORMATION_FORMAT = "dwarf-with-dsym";
				ENABLE_NS_ASSERTIONS = NO;
				ENABLE_STRICT_OBJC_MSGSEND = YES;
				GCC_C_LANGUAGE_STANDARD = gnu11;
				GCC_NO_COMMON_BLOCKS = YES;
				GCC_WARN_64_TO_32_BIT_CONVERSION = YES;
				GCC_WARN_ABOUT_RETURN_TYPE = YES_ERROR;
				GCC_WARN_UNDECLARED_SELECTOR = YES;
				GCC_WARN_UNINITIALIZED_AUTOS = YES_AGGRESSIVE;
				GCC_WARN_UNUSED_FUNCTION = YES;
				GCC_WARN_UNUSED_VARIABLE = YES;
				IPHONEOS_DEPLOYMENT_TARGET = 12.0;
				MTL_ENABLE_DEBUG_INFO = NO;
				MTL_FAST_MATH = YES;
				SDKROOT = iphoneos;
				SWIFT_COMPILATION_MODE = wholemodule;
				SWIFT_OPTIMIZATION_LEVEL = "-O";
				VALIDATE_PRODUCT = YES;
			};
			name = Release;
		};
		99C090C121B3B049000F6CAE /* Debug */ = {
			isa = XCBuildConfiguration;
			baseConfigurationReference = 0CEA0A7ADE0A42A80DCCC89A /* Pods-PADC-IOS-FashionGallery.debug.xcconfig */;
			buildSettings = {
				ASSETCATALOG_COMPILER_APPICON_NAME = AppIcon;
				CODE_SIGN_STYLE = Automatic;
				DEVELOPMENT_TEAM = LUA29KCT7G;
				INFOPLIST_FILE = "PADC-IOS-FashionGallery/Info.plist";
				LD_RUNPATH_SEARCH_PATHS = (
					"$(inherited)",
					"@executable_path/Frameworks",
				);
				PRODUCT_BUNDLE_IDENTIFIER = "com.padcmyanmar.PADC-IOS-FashionGallery";
				PRODUCT_NAME = "$(TARGET_NAME)";
				SWIFT_VERSION = 4.2;
				TARGETED_DEVICE_FAMILY = "1,2";
			};
			name = Debug;
		};
		99C090C221B3B049000F6CAE /* Release */ = {
			isa = XCBuildConfiguration;
			baseConfigurationReference = 128564275D0D15AB0699CD65 /* Pods-PADC-IOS-FashionGallery.release.xcconfig */;
			buildSettings = {
				ASSETCATALOG_COMPILER_APPICON_NAME = AppIcon;
				CODE_SIGN_STYLE = Automatic;
				DEVELOPMENT_TEAM = LUA29KCT7G;
				INFOPLIST_FILE = "PADC-IOS-FashionGallery/Info.plist";
				LD_RUNPATH_SEARCH_PATHS = (
					"$(inherited)",
					"@executable_path/Frameworks",
				);
				PRODUCT_BUNDLE_IDENTIFIER = "com.padcmyanmar.PADC-IOS-FashionGallery";
				PRODUCT_NAME = "$(TARGET_NAME)";
				SWIFT_VERSION = 4.2;
				TARGETED_DEVICE_FAMILY = "1,2";
			};
			name = Release;
		};
/* End XCBuildConfiguration section */

/* Begin XCConfigurationList section */
		99C090A921B3B048000F6CAE /* Build configuration list for PBXProject "PADC-IOS-FashionGallery" */ = {
			isa = XCConfigurationList;
			buildConfigurations = (
				99C090BE21B3B049000F6CAE /* Debug */,
				99C090BF21B3B049000F6CAE /* Release */,
			);
			defaultConfigurationIsVisible = 0;
			defaultConfigurationName = Release;
		};
		99C090C021B3B049000F6CAE /* Build configuration list for PBXNativeTarget "PADC-IOS-FashionGallery" */ = {
			isa = XCConfigurationList;
			buildConfigurations = (
				99C090C121B3B049000F6CAE /* Debug */,
				99C090C221B3B049000F6CAE /* Release */,
			);
			defaultConfigurationIsVisible = 0;
			defaultConfigurationName = Release;
		};
/* End XCConfigurationList section */
	};
	rootObject = 99C090A621B3B048000F6CAE /* Project object */;
}
